
Microsoft Visual Studio Solution File, Format Version 12.00
# Visual Studio Version 17
VisualStudioVersion = 17.7.34009.444
MinimumVisualStudioVersion = 10.0.40219.1
Project("{FAE04EC0-301F-11D3-BF4B-00C04F79EFBC}") = "Reference Types Example 2", "Reference Types Example 2\Reference Types Example 2.csproj", "{DD487B1B-DBF9-4CDA-B2C3-DB5F93D99FBB}"
EndProject
Global
	GlobalSection(SolutionConfigurationPlatforms) = preSolution
		Debug|Any CPU = Debug|Any CPU
		Release|Any CPU = Release|Any CPU
	EndGlobalSection
	GlobalSection(ProjectConfigurationPlatforms) = postSolution
		{DD487B1B-DBF9-4CDA-B2C3-DB5F93D99FBB}.Debug|Any CPU.ActiveCfg = Debug|Any CPU
		{DD487B1B-DBF9-4CDA-B2C3-DB5F93D99FBB}.Debug|Any CPU.Build.0 = Debug|Any CPU
		{DD487B1B-DBF9-4CDA-B2C3-DB5F93D99FBB}.Release|Any CPU.ActiveCfg = Release|Any CPU
		{DD487B1B-DBF9-4CDA-B2C3-DB5F93D99FBB}.Release|Any CPU.Build.0 = Release|Any CPU
	EndGlobalSection
	GlobalSection(SolutionProperties) = preSolution
		HideSolutionNode = FALSE
	EndGlobalSection
	GlobalSection(ExtensibilityGlobals) = postSolution
		SolutionGuid = {8F198BBC-ACF5-4400-8ECE-2CB8205976C6}
	EndGlobalSection
EndGlobal
